{
    "_readme": [
        "This file locks the dependencies of your project to a known state",
        "Read more about it at https://getcomposer.org/doc/01-basic-usage.md#composer-lock-the-lock-file",
        "This file is @generated automatically"
    ],
    "content-hash": "ea514682f74756aa1f6d1451e4a72dcd",
    "packages": [
        {
            "name": "aliyuncs/oss-sdk-php",
            "version": "v2.3.0",
            "source": {
                "type": "git",
                "url": "https://github.com/aliyun/aliyun-oss-php-sdk.git",
                "reference": "e69f57916678458642ac9d2fd341ae78a56996c8"
            },
            "dist": {
                "type": "zip",
                "url": "https://api.github.com/repos/aliyun/aliyun-oss-php-sdk/zipball/e69f57916678458642ac9d2fd341ae78a56996c8",
                "reference": "e69f57916678458642ac9d2fd341ae78a56996c8",
                "shasum": ""
            },
            "require": {
                "php": ">=5.3"
            },
            "require-dev": {
                "phpunit/phpunit": "~4.0",
                "satooshi/php-coveralls": "~1.0"
            },
            "type": "library",
            "autoload": {
                "psr-4": {
                    "OSS\\": "src/OSS"
                }
            },
            "notification-url": "https://packagist.org/downloads/",
            "license": [
                "MIT"
            ],
            "authors": [
                {
                    "name": "Aliyuncs",
                    "homepage": "http://www.aliyun.com"
                }
            ],
            "description": "Aliyun OSS SDK for PHP",
            "homepage": "http://www.aliyun.com/product/oss/",
            "time": "2018-01-08T06:59:35+00:00"
        },
        {
            "name": "defuse/php-encryption",
            "version": "v2.2.0",
            "source": {
                "type": "git",
                "url": "https://github.com/defuse/php-encryption.git",
                "reference": "0d4d27c368ca6798bc162469e43248c363c73495"
            },
            "dist": {
                "type": "zip",
                "url": "https://api.github.com/repos/defuse/php-encryption/zipball/0d4d27c368ca6798bc162469e43248c363c73495",
                "reference": "0d4d27c368ca6798bc162469e43248c363c73495",
                "shasum": ""
            },
            "require": {
                "ext-openssl": "*",
                "paragonie/random_compat": "~2.0",
                "php": ">=5.4.0"
            },
            "require-dev": {
                "nikic/php-parser": "^2.0|^3.0|^4.0",
                "phpunit/phpunit": "^4|^5"
            },
            "bin": [
                "bin/generate-defuse-key"
            ],
            "type": "library",
            "autoload": {
                "psr-4": {
                    "Defuse\\Crypto\\": "src"
                }
            },
            "notification-url": "https://packagist.org/downloads/",
            "license": [
                "MIT"
            ],
            "authors": [
                {
                    "name": "Taylor Hornby",
                    "email": "taylor@defuse.ca",
                    "homepage": "https://defuse.ca/"
                },
                {
                    "name": "Scott Arciszewski",
                    "email": "info@paragonie.com",
                    "homepage": "https://paragonie.com"
                }
            ],
            "description": "Secure PHP Encryption Library",
            "keywords": [
                "aes",
                "authenticated encryption",
                "cipher",
                "crypto",
                "cryptography",
                "encrypt",
                "encryption",
                "openssl",
                "security",
                "symmetric key cryptography"
            ],
            "time": "2018-04-23T19:33:40+00:00"
        },
        {
            "name": "paragonie/constant_time_encoding",
            "version": "v2.2.2",
            "source": {
                "type": "git",
                "url": "https://github.com/paragonie/constant_time_encoding.git",
                "reference": "eccf915f45f911bfb189d1d1638d940ec6ee6e33"
            },
            "dist": {
                "type": "zip",
                "url": "https://api.github.com/repos/paragonie/constant_time_encoding/zipball/eccf915f45f911bfb189d1d1638d940ec6ee6e33",
                "reference": "eccf915f45f911bfb189d1d1638d940ec6ee6e33",
                "shasum": ""
            },
            "require": {
                "php": "^7"
            },
            "require-dev": {
                "phpunit/phpunit": "^6|^7",
                "vimeo/psalm": "^1"
            },
            "type": "library",
            "autoload": {
                "psr-4": {
                    "ParagonIE\\ConstantTime\\": "src/"
                }
            },
            "notification-url": "https://packagist.org/downloads/",
            "license": [
                "MIT"
            ],
            "authors": [
                {
                    "name": "Paragon Initiative Enterprises",
                    "email": "security@paragonie.com",
                    "homepage": "https://paragonie.com",
                    "role": "Maintainer"
                },
                {
                    "name": "Steve 'Sc00bz' Thomas",
                    "email": "steve@tobtu.com",
                    "homepage": "https://www.tobtu.com",
                    "role": "Original Developer"
                }
            ],
            "description": "Constant-time Implementations of RFC 4648 Encoding (Base-64, Base-32, Base-16)",
            "keywords": [
                "base16",
                "base32",
                "base32_decode",
                "base32_encode",
                "base64",
                "base64_decode",
                "base64_encode",
                "bin2hex",
                "encoding",
                "hex",
                "hex2bin",
                "rfc4648"
            ],
            "time": "2018-03-10T19:47:49+00:00"
        },
        {
            "name": "paragonie/easyrsa",
            "version": "v0.5.0",
            "source": {
                "type": "git",
                "url": "https://github.com/paragonie/EasyRSA.git",
                "reference": "860d2210724cfa3327854dea4d8be9f32f06e8ef"
            },
            "dist": {
                "type": "zip",
                "url": "https://api.github.com/repos/paragonie/EasyRSA/zipball/860d2210724cfa3327854dea4d8be9f32f06e8ef",
                "reference": "860d2210724cfa3327854dea4d8be9f32f06e8ef",
                "shasum": ""
            },
            "require": {
                "defuse/php-encryption": "^2.0",
                "paragonie/constant_time_encoding": "^1|^2",
                "paragonie/random_compat": "^1|^2",
                "phpseclib/phpseclib": "^2.0",
                "sarciszewski/php-future": "^0"
            },
            "require-dev": {
                "phpunit/phpunit": "4.*|5.*"
            },
            "suggest": {
                "ext-libsodium": "Libsodium offers far better cryptography than RSA can ever offer. Use libsodium instead of EasyRSA.",
                "paragonie/halite": "A simple and secure libsodium wrapper. Consider using Halite instead of EasyRSA."
            },
            "type": "library",
            "autoload": {
                "psr-4": {
                    "ParagonIE\\EasyRSA\\": "src"
                }
            },
            "notification-url": "https://packagist.org/downloads/",
            "license": [
                "MIT"
            ],
            "description": "Simple and secure asymmetric encryption powered by PHPSecLib",
            "keywords": [
                "asymmetric",
                "cryptography",
                "public-key",
                "rsa"
            ],
            "abandoned": "paragonie/sodium_compat",
            "time": "2017-01-27T21:20:19+00:00"
        },
        {
            "name": "paragonie/random_compat",
            "version": "v2.0.17",
            "source": {
                "type": "git",
                "url": "https://github.com/paragonie/random_compat.git",
                "reference": "29af24f25bab834fcbb38ad2a69fa93b867e070d"
            },
            "dist": {
                "type": "zip",
                "url": "https://api.github.com/repos/paragonie/random_compat/zipball/29af24f25bab834fcbb38ad2a69fa93b867e070d",
                "reference": "29af24f25bab834fcbb38ad2a69fa93b867e070d",
                "shasum": ""
            },
            "require": {
                "php": ">=5.2.0"
            },
            "require-dev": {
                "phpunit/phpunit": "4.*|5.*"
            },
            "suggest": {
                "ext-libsodium": "Provides a modern crypto API that can be used to generate random bytes."
            },
            "type": "library",
            "autoload": {
                "files": [
                    "lib/random.php"
                ]
            },
            "notification-url": "https://packagist.org/downloads/",
            "license": [
                "MIT"
            ],
            "authors": [
                {
                    "name": "Paragon Initiative Enterprises",
                    "email": "security@paragonie.com",
                    "homepage": "https://paragonie.com"
                }
            ],
            "description": "PHP 5.x polyfill for random_bytes() and random_int() from PHP 7",
            "keywords": [
                "csprng",
                "polyfill",
                "pseudorandom",
                "random"
            ],
            "time": "2018-07-04T16:31:37+00:00"
        },
        {
            "name": "phpseclib/phpseclib",
            "version": "2.0.11",
            "source": {
                "type": "git",
                "url": "https://github.com/phpseclib/phpseclib.git",
                "reference": "7053f06f91b3de78e143d430e55a8f7889efc08b"
            },
            "dist": {
                "type": "zip",
                "url": "https://api.github.com/repos/phpseclib/phpseclib/zipball/7053f06f91b3de78e143d430e55a8f7889efc08b",
                "reference": "7053f06f91b3de78e143d430e55a8f7889efc08b",
                "shasum": ""
            },
            "require": {
                "php": ">=5.3.3"
            },
            "require-dev": {
                "phing/phing": "~2.7",
                "phpunit/phpunit": "^4.8.35|^5.7|^6.0",
                "sami/sami": "~2.0",
                "squizlabs/php_codesniffer": "~2.0"
            },
            "suggest": {
                "ext-gmp": "Install the GMP (GNU Multiple Precision) extension in order to speed up arbitrary precision integer arithmetic operations.",
                "ext-libsodium": "SSH2/SFTP can make use of some algorithms provided by the libsodium-php extension.",
                "ext-mcrypt": "Install the Mcrypt extension in order to speed up a few other cryptographic operations.",
                "ext-openssl": "Install the OpenSSL extension in order to speed up a wide variety of cryptographic operations."
            },
            "type": "library",
            "autoload": {
                "files": [
                    "phpseclib/bootstrap.php"
                ],
                "psr-4": {
                    "phpseclib\\": "phpseclib/"
                }
            },
            "notification-url": "https://packagist.org/downloads/",
            "license": [
                "MIT"
            ],
            "authors": [
                {
                    "name": "Jim Wigginton",
                    "email": "terrafrost@php.net",
                    "role": "Lead Developer"
                },
                {
                    "name": "Patrick Monnerat",
                    "email": "pm@datasphere.ch",
                    "role": "Developer"
                },
                {
                    "name": "Andreas Fischer",
                    "email": "bantu@phpbb.com",
                    "role": "Developer"
                },
                {
                    "name": "Hans-Jürgen Petrich",
                    "email": "petrich@tronic-media.com",
                    "role": "Developer"
                },
                {
                    "name": "Graham Campbell",
                    "email": "graham@alt-three.com",
                    "role": "Developer"
                }
            ],
            "description": "PHP Secure Communications Library - Pure-PHP implementations of RSA, AES, SSH2, SFTP, X.509 etc.",
            "homepage": "http://phpseclib.sourceforge.net",
            "keywords": [
                "BigInteger",
                "aes",
                "asn.1",
                "asn1",
                "blowfish",
                "crypto",
                "cryptography",
                "encryption",
                "rsa",
                "security",
                "sftp",
                "signature",
                "signing",
                "ssh",
                "twofish",
                "x.509",
                "x509"
            ],
            "time": "2018-04-15T16:55:05+00:00"
        },
        {
            "name": "sarciszewski/php-future",
            "version": "0.4.2",
            "source": {
                "type": "git",
                "url": "https://github.com/sarciszewski/php-future.git",
                "reference": "8bcc414eecfe68bb4600ab9b179ef6e8454b8ca0"
            },
            "dist": {
                "type": "zip",
                "url": "https://api.github.com/repos/sarciszewski/php-future/zipball/8bcc414eecfe68bb4600ab9b179ef6e8454b8ca0",
                "reference": "8bcc414eecfe68bb4600ab9b179ef6e8454b8ca0",
                "shasum": ""
            },
            "require-dev": {
                "phpunit/phpunit": "4.5.*"
            },
            "type": "library",
            "autoload": {
                "files": [
                    "autoload.php"
                ]
            },
            "notification-url": "https://packagist.org/downloads/",
            "license": [
                "MIT"
            ],
            "authors": [
                {
                    "name": "Scott Arciszewski",
                    "email": "scott@paragonie.com",
                    "homepage": "https://appsec.solutions",
                    "role": "Developer"
                }
            ],
            "description": "Polyfill new (5.6+) features into old (5.4+) versions of PHP",
            "keywords": [
                "compatibility",
                "future",
                "hash_equals",
                "security"
            ],
            "time": "2015-09-28T20:04:00+00:00"
        },
        {
            "name": "setasign/fpdi",
            "version": "v2.2.0",
            "source": {
                "type": "git",
                "url": "https://github.com/Setasign/FPDI.git",
                "reference": "3c266002f8044f61b17329f7cd702d44d73f0f7f"
            },
            "dist": {
                "type": "zip",
                "url": "https://api.github.com/repos/Setasign/FPDI/zipball/3c266002f8044f61b17329f7cd702d44d73f0f7f",
                "reference": "3c266002f8044f61b17329f7cd702d44d73f0f7f",
                "shasum": ""
            },
            "require": {
                "ext-zlib": "*",
                "php": "^5.6 || ^7.0"
            },
            "require-dev": {
                "phpunit/phpunit": "~5.7",
                "setasign/fpdf": "~1.8",
                "setasign/tfpdf": "1.25",
                "tecnickcom/tcpdf": "~6.2"
            },
            "suggest": {
                "setasign/fpdf": "FPDI will extend this class but as it is also possible to use TCPDF or tFPDF as an alternative. There's no fixed dependency configured.",
                "setasign/fpdi-fpdf": "Use this package to automatically evaluate dependencies to FPDF.",
                "setasign/fpdi-tcpdf": "Use this package to automatically evaluate dependencies to TCPDF.",
                "setasign/fpdi-tfpdf": "Use this package to automatically evaluate dependencies to tFPDF."
            },
            "type": "library",
            "autoload": {
                "psr-4": {
                    "setasign\\Fpdi\\": "src/"
                }
            },
            "notification-url": "https://packagist.org/downloads/",
            "license": [
                "MIT"
            ],
            "authors": [
                {
                    "name": "Jan Slabon",
                    "email": "jan.slabon@setasign.com",
                    "homepage": "https://www.setasign.com"
                },
                {
                    "name": "Maximilian Kresse",
                    "email": "maximilian.kresse@setasign.com",
                    "homepage": "https://www.setasign.com"
                }
            ],
            "description": "FPDI is a collection of PHP classes facilitating developers to read pages from existing PDF documents and use them as templates in FPDF. Because it is also possible to use FPDI with TCPDF, there are no fixed dependencies defined. Please see suggestions for packages which evaluates the dependencies automatically.",
            "homepage": "https://www.setasign.com/fpdi",
            "keywords": [
                "fpdf",
                "fpdi",
                "pdf"
            ],
            "time": "2019-01-30T14:11:19+00:00"
        },
        {
            "name": "sop/asn1",
            "version": "3.3.0",
            "source": {
                "type": "git",
                "url": "https://github.com/sop/asn1.git",
                "reference": "6a198704e4928f6404cfdc38058586a795134e14"
            },
            "dist": {
                "type": "zip",
                "url": "https://api.github.com/repos/sop/asn1/zipball/6a198704e4928f6404cfdc38058586a795134e14",
                "reference": "6a198704e4928f6404cfdc38058586a795134e14",
                "shasum": ""
            },
            "require": {
                "ext-gmp": "*",
                "ext-mbstring": "*",
                "php": ">=7.0"
            },
            "require-dev": {
                "phpunit/phpunit": "^6.4"
            },
            "type": "library",
            "autoload": {
                "psr-4": {
                    "ASN1\\": "lib/ASN1/"
                }
            },
            "notification-url": "https://packagist.org/downloads/",
            "license": [
                "MIT"
            ],
            "authors": [
                {
                    "name": "Joni Eskelinen",
                    "email": "jonieske@gmail.com",
                    "role": "Developer"
                }
            ],
            "description": "A PHP library for X.690 ASN.1 DER encoding and decoding.",
            "homepage": "https://github.com/sop/asn1",
            "keywords": [
                "DER",
                "asn.1",
                "asn1",
                "x.690",
                "x690"
            ],
            "time": "2017-12-20T08:56:15+00:00"
        },
        {
            "name": "sop/crypto-encoding",
            "version": "0.2.0",
            "source": {
                "type": "git",
                "url": "https://github.com/sop/crypto-encoding.git",
                "reference": "b5958cc213d3092cb9fa7be179adf760a8fde1f6"
            },
            "dist": {
                "type": "zip",
                "url": "https://api.github.com/repos/sop/crypto-encoding/zipball/b5958cc213d3092cb9fa7be179adf760a8fde1f6",
                "reference": "b5958cc213d3092cb9fa7be179adf760a8fde1f6",
                "shasum": ""
            },
            "require": {
                "php": ">=7.0"
            },
            "require-dev": {
                "phpunit/phpunit": "^6.4"
            },
            "type": "library",
            "autoload": {
                "psr-4": {
                    "Sop\\CryptoEncoding\\": "lib/CryptoEncoding"
                }
            },
            "notification-url": "https://packagist.org/downloads/",
            "license": [
                "MIT"
            ],
            "authors": [
                {
                    "name": "Joni Eskelinen",
                    "email": "jonieske@gmail.com",
                    "role": "Developer"
                }
            ],
            "description": "A PHP implementation of textual encodings of cryptographic structures.",
            "homepage": "https://github.com/sop/crypto-encoding",
            "keywords": [
                "Private Key",
                "certificate",
                "pem",
                "public key"
            ],
            "time": "2017-11-03T11:35:37+00:00"
        },
        {
            "name": "sop/crypto-types",
            "version": "0.2.1",
            "source": {
                "type": "git",
                "url": "https://github.com/sop/crypto-types.git",
                "reference": "1d36250a110b07300aeb003a20aeaadfc6445501"
            },
            "dist": {
                "type": "zip",
                "url": "https://api.github.com/repos/sop/crypto-types/zipball/1d36250a110b07300aeb003a20aeaadfc6445501",
                "reference": "1d36250a110b07300aeb003a20aeaadfc6445501",
                "shasum": ""
            },
            "require": {
                "ext-gmp": "*",
                "php": ">=7.0",
                "sop/asn1": "^3.2.0",
                "sop/crypto-encoding": "^0.2.0"
            },
            "require-dev": {
                "phpunit/phpunit": "^6.4"
            },
            "type": "library",
            "autoload": {
                "psr-4": {
                    "Sop\\CryptoTypes\\": "lib/CryptoTypes"
                }
            },
            "notification-url": "https://packagist.org/downloads/",
            "license": [
                "MIT"
            ],
            "authors": [
                {
                    "name": "Joni Eskelinen",
                    "email": "jonieske@gmail.com",
                    "role": "Developer"
                }
            ],
            "description": "A PHP library of various ASN.1 types for cryptographic applications.",
            "homepage": "https://github.com/sop/crypto-types",
            "keywords": [
                "Private Key",
                "algorithm identifier",
                "asn1",
                "cryptography",
                "ec",
                "public key",
                "rsa",
                "signature"
            ],
            "time": "2017-11-08T09:15:14+00:00"
        }
    ],
    "packages-dev": [],
    "aliases": [],
    "minimum-stability": "stable",
    "stability-flags": [],
    "prefer-stable": false,
    "prefer-lowest": false,
    "platform": [],
    "platform-dev": []
}
